
Microsoft Visual Studio Solution File, Format Version 12.00
# Visual Studio Version 17
VisualStudioVersion = 17.10.35013.160
MinimumVisualStudioVersion = 10.0.40219.1
Project("{FAE04EC0-301F-11D3-BF4B-00C04F79EFBC}") = "IntegracaoVExpensesWeb", "IntegracaoVExpensesWeb\IntegracaoVExpensesWeb.csproj", "{52F94FEE-72AB-4F23-9F23-2F3A6E018561}"
	ProjectSection(ProjectDependencies) = postProject
		{1C37C5E0-D496-42DC-BBD1-D93845FF8B9B} = {1C37C5E0-D496-42DC-BBD1-D93845FF8B9B}
		{67BE13A2-7B21-40E9-8E78-05604C2F8CF7} = {67BE13A2-7B21-40E9-8E78-05604C2F8CF7}
	EndProjectSection
EndProject
Project("{FAE04EC0-301F-11D3-BF4B-00C04F79EFBC}") = "HttpClientCurl", "HttpClientCurl\HttpClientCurl.csproj", "{67BE13A2-7B21-40E9-8E78-05604C2F8CF7}"
EndProject
Project("{FAE04EC0-301F-11D3-BF4B-00C04F79EFBC}") = "CriptoPass", "CriptoPass\CriptoPass.csproj", "{1C37C5E0-D496-42DC-BBD1-D93845FF8B9B}"
EndProject
Project("{FAE04EC0-301F-11D3-BF4B-00C04F79EFBC}") = "SapService", "SapService\SapService\SapService.csproj", "{0A0C3BF6-0863-40F5-82CB-DA40E9ADB2EF}"
EndProject
Project("{FAE04EC0-301F-11D3-BF4B-00C04F79EFBC}") = "CriptoPassUI", "CriptoPassUI\CriptoPassUI.csproj", "{09E5C4E4-0E6D-4B6C-82B0-D4A634B6EFB7}"
EndProject
Global
	GlobalSection(SolutionConfigurationPlatforms) = preSolution
		Debug|Any CPU = Debug|Any CPU
		Release|Any CPU = Release|Any CPU
	EndGlobalSection
	GlobalSection(ProjectConfigurationPlatforms) = postSolution
		{52F94FEE-72AB-4F23-9F23-2F3A6E018561}.Debug|Any CPU.ActiveCfg = Debug|Any CPU
		{52F94FEE-72AB-4F23-9F23-2F3A6E018561}.Debug|Any CPU.Build.0 = Debug|Any CPU
		{52F94FEE-72AB-4F23-9F23-2F3A6E018561}.Release|Any CPU.ActiveCfg = Release|Any CPU
		{52F94FEE-72AB-4F23-9F23-2F3A6E018561}.Release|Any CPU.Build.0 = Release|Any CPU
		{67BE13A2-7B21-40E9-8E78-05604C2F8CF7}.Debug|Any CPU.ActiveCfg = Debug|Any CPU
		{67BE13A2-7B21-40E9-8E78-05604C2F8CF7}.Debug|Any CPU.Build.0 = Debug|Any CPU
		{67BE13A2-7B21-40E9-8E78-05604C2F8CF7}.Release|Any CPU.ActiveCfg = Release|Any CPU
		{67BE13A2-7B21-40E9-8E78-05604C2F8CF7}.Release|Any CPU.Build.0 = Release|Any CPU
		{1C37C5E0-D496-42DC-BBD1-D93845FF8B9B}.Debug|Any CPU.ActiveCfg = Debug|Any CPU
		{1C37C5E0-D496-42DC-BBD1-D93845FF8B9B}.Debug|Any CPU.Build.0 = Debug|Any CPU
		{1C37C5E0-D496-42DC-BBD1-D93845FF8B9B}.Release|Any CPU.ActiveCfg = Release|Any CPU
		{1C37C5E0-D496-42DC-BBD1-D93845FF8B9B}.Release|Any CPU.Build.0 = Release|Any CPU
		{0A0C3BF6-0863-40F5-82CB-DA40E9ADB2EF}.Debug|Any CPU.ActiveCfg = Debug|Any CPU
		{0A0C3BF6-0863-40F5-82CB-DA40E9ADB2EF}.Debug|Any CPU.Build.0 = Debug|Any CPU
		{0A0C3BF6-0863-40F5-82CB-DA40E9ADB2EF}.Release|Any CPU.ActiveCfg = Release|Any CPU
		{0A0C3BF6-0863-40F5-82CB-DA40E9ADB2EF}.Release|Any CPU.Build.0 = Release|Any CPU
		{09E5C4E4-0E6D-4B6C-82B0-D4A634B6EFB7}.Debug|Any CPU.ActiveCfg = Debug|Any CPU
		{09E5C4E4-0E6D-4B6C-82B0-D4A634B6EFB7}.Debug|Any CPU.Build.0 = Debug|Any CPU
		{09E5C4E4-0E6D-4B6C-82B0-D4A634B6EFB7}.Release|Any CPU.ActiveCfg = Release|Any CPU
		{09E5C4E4-0E6D-4B6C-82B0-D4A634B6EFB7}.Release|Any CPU.Build.0 = Release|Any CPU
	EndGlobalSection
	GlobalSection(SolutionProperties) = preSolution
		HideSolutionNode = FALSE
	EndGlobalSection
	GlobalSection(ExtensibilityGlobals) = postSolution
		SolutionGuid = {B4A02CC7-B362-4D82-83ED-8CC420706AC9}
	EndGlobalSection
EndGlobal
